<?xml version="1.0" encoding="utf-8"?>
<Project ToolsVersion="4.0" xmlns="http://schemas.microsoft.com/developer/msbuild/2003">
  <ItemGroup>
    <Filter Include="源文件">
      <UniqueIdentifier>{4FC737F1-C7A5-4376-A066-2A32D752A2FF}</UniqueIdentifier>
      <Extensions>cpp;c;cc;cxx;def;odl;idl;hpj;bat;asm;asmx</Extensions>
    </Filter>
    <Filter Include="头文件">
      <UniqueIdentifier>{93995380-89BD-4b04-88EB-625FBE52EBFB}</UniqueIdentifier>
      <Extensions>h;hh;hpp;hxx;hm;inl;inc;xsd</Extensions>
    </Filter>
    <Filter Include="资源文件">
      <UniqueIdentifier>{67DA6AB6-F800-4c08-8B7A-83BB121AAD01}</UniqueIdentifier>
      <Extensions>rc;ico;cur;bmp;dlg;rc2;rct;bin;rgs;gif;jpg;jpeg;jpe;resx;tiff;tif;png;wav;mfcribbon-ms</Extensions>
    </Filter>
    <Filter Include="源文件\jsoncpp">
      <UniqueIdentifier>{5155c240-4dd1-488e-a180-eeccb922a437}</UniqueIdentifier>
    </Filter>
  </ItemGroup>
  <ItemGroup>
    <ClCompile Include="src\main.cpp">
      <Filter>源文件</Filter>
    </ClCompile>
    <ClCompile Include="src\AuthServer.cpp">
      <Filter>源文件</Filter>
    </ClCompile>
    <ClCompile Include="include\public\Thread.cpp">
      <Filter>源文件</Filter>
    </ClCompile>
    <ClCompile Include="include\public\Runnable.cpp">
      <Filter>源文件</Filter>
    </ClCompile>
    <ClCompile Include="src\SQLConnectionFactory.cpp">
      <Filter>源文件</Filter>
    </ClCompile>
    <ClCompile Include="src\SQLConnectionPool.cpp">
      <Filter>源文件</Filter>
    </ClCompile>
    <ClCompile Include="src\SQLConnection.cpp">
      <Filter>源文件</Filter>
    </ClCompile>
    <ClCompile Include="lib\json\json_reader.cpp">
      <Filter>源文件\jsoncpp</Filter>
    </ClCompile>
    <ClCompile Include="lib\json\json_value.cpp">
      <Filter>源文件\jsoncpp</Filter>
    </ClCompile>
    <ClCompile Include="lib\json\json_writer.cpp">
      <Filter>源文件\jsoncpp</Filter>
    </ClCompile>
  </ItemGroup>
  <ItemGroup>
    <ClInclude Include="include\AuthServer.h">
      <Filter>头文件</Filter>
    </ClInclude>
    <ClInclude Include="include\public\Runnable.h">
      <Filter>头文件</Filter>
    </ClInclude>
    <ClInclude Include="include\public\Thread.h">
      <Filter>头文件</Filter>
    </ClInclude>
    <ClInclude Include="include\SQLConnectionPool.h">
      <Filter>头文件</Filter>
    </ClInclude>
    <ClInclude Include="include\SQLConnectionFactory.h">
      <Filter>头文件</Filter>
    </ClInclude>
    <ClInclude Include="include\SQLConnection.h">
      <Filter>头文件</Filter>
    </ClInclude>
    <ClInclude Include="include\Object.h">
      <Filter>头文件</Filter>
    </ClInclude>
    <ClInclude Include="include\RequestMessage.h">
      <Filter>头文件</Filter>
    </ClInclude>
    <ClInclude Include="include\TCPClient.h">
      <Filter>头文件</Filter>
    </ClInclude>
    <ClInclude Include="include\AsyncSocket.h">
      <Filter>头文件</Filter>
    </ClInclude>
    <ClInclude Include="include\BlockingSocket.h">
      <Filter>头文件</Filter>
    </ClInclude>
    <ClInclude Include="include\EventBase.h">
      <Filter>头文件</Filter>
    </ClInclude>
    <ClInclude Include="include\MessageQueue.h">
      <Filter>头文件</Filter>
    </ClInclude>
  </ItemGroup>
</Project>